
Microsoft Visual Studio Solution File, Format Version 12.00
# Visual Studio Version 17
VisualStudioVersion = 17.1.32210.238
MinimumVisualStudioVersion = 10.0.40219.1
Project("{9A19103F-16F7-4668-BE54-9A1E7A4F7556}") = "Core", "Core\Core.csproj", "{A3A69524-13A5-40CB-90E3-C44CC91F0A21}"
EndProject
Project("{2150E333-8FDC-42A3-9474-1A3956D46DE8}") = "Project items", "Project items", "{3F0BA94A-15FD-4878-BA76-C64BF9E27836}"
	ProjectSection(SolutionItems) = preProject
		.gitignore = .gitignore
		README.md = README.md
	EndProjectSection
EndProject
Project("{9A19103F-16F7-4668-BE54-9A1E7A4F7556}") = "GUI", "GUI\GUI.csproj", "{EDE25C84-73A1-456E-89E0-08CB460C1BB1}"
EndProject
Project("{2150E333-8FDC-42A3-9474-1A3956D46DE8}") = "docs", "docs", "{91A7D15D-B679-44F6-9C03-66126956113E}"
	ProjectSection(SolutionItems) = preProject
		docs\Grading Sheet.pdf = docs\Grading Sheet.pdf
		docs\Project Description.pdf = docs\Project Description.pdf
		docs\Project-20220511.zip = docs\Project-20220511.zip
		docs\Social Network.md = docs\Social Network.md
		docs\UI Guidelines.pdf = docs\UI Guidelines.pdf
	EndProjectSection
EndProject
Global
	GlobalSection(SolutionConfigurationPlatforms) = preSolution
		Debug|Any CPU = Debug|Any CPU
		Release|Any CPU = Release|Any CPU
	EndGlobalSection
	GlobalSection(ProjectConfigurationPlatforms) = postSolution
		{A3A69524-13A5-40CB-90E3-C44CC91F0A21}.Debug|Any CPU.ActiveCfg = Debug|Any CPU
		{A3A69524-13A5-40CB-90E3-C44CC91F0A21}.Debug|Any CPU.Build.0 = Debug|Any CPU
		{A3A69524-13A5-40CB-90E3-C44CC91F0A21}.Release|Any CPU.ActiveCfg = Release|Any CPU
		{A3A69524-13A5-40CB-90E3-C44CC91F0A21}.Release|Any CPU.Build.0 = Release|Any CPU
		{EDE25C84-73A1-456E-89E0-08CB460C1BB1}.Debug|Any CPU.ActiveCfg = Debug|Any CPU
		{EDE25C84-73A1-456E-89E0-08CB460C1BB1}.Debug|Any CPU.Build.0 = Debug|Any CPU
		{EDE25C84-73A1-456E-89E0-08CB460C1BB1}.Release|Any CPU.ActiveCfg = Release|Any CPU
		{EDE25C84-73A1-456E-89E0-08CB460C1BB1}.Release|Any CPU.Build.0 = Release|Any CPU
	EndGlobalSection
	GlobalSection(SolutionProperties) = preSolution
		HideSolutionNode = FALSE
	EndGlobalSection
	GlobalSection(NestedProjects) = preSolution
		{91A7D15D-B679-44F6-9C03-66126956113E} = {3F0BA94A-15FD-4878-BA76-C64BF9E27836}
	EndGlobalSection
	GlobalSection(ExtensibilityGlobals) = postSolution
		SolutionGuid = {9AE45668-4F19-44D1-8E77-677DE15E743A}
	EndGlobalSection
EndGlobal
